{
  "name": "lib",
  "lockfileVersion": 3,
  "requires": true,
  "packages": {
    "": {
      "dependencies": {
        "jquery": "^3.7.1",
        "three-dots": "^0.3.2"
      }
    },
    "node_modules/jquery": {
      "version": "3.7.1",
      "resolved": "https://registry.npmjs.org/jquery/-/jquery-3.7.1.tgz",
      "integrity": "sha512-m4avr8yL8kmFN8psrbFFFmB/If14iN5o9nw/NgnnM+kybDJpRsAynV2BsfpTYrTRysYUdADVD7CkUUizgkpLfg=="
    },
    "node_modules/three-dots": {
      "version": "0.3.2",
      "resolved": "https://registry.npmjs.org/three-dots/-/three-dots-0.3.2.tgz",
      "integrity": "sha512-N7JMhoCX+4mhgGWy4Hqy4PZ27shKwLRvaADn3YsK9+bImK5U/xA/woCUavehoHGrkNG3yyAzwQ6UnuFH0/yLVQ==",
      "engines": {
        "node": ">=14"
      }
    }
  }
}
